<Solution>
  <Folder Name="/src/">
    <Project Path="src/JobScheduler.Core/JobScheduler.Core.csproj" />
    <Project Path="src/JobScheduler.Worker/JobScheduler.Worker.csproj" />
  </Folder>
  <Folder Name="/tests/">
    <Project Path="tests/JobScheduler.Core.Tests/JobScheduler.Core.Tests.csproj" />
    <Project Path="tests/JobScheduler.IntegrationTests/JobScheduler.IntegrationTests.csproj" />
  </Folder>
  <Folder Name="/tools/">
    <Project Path="tools/JobScheduler.Harness/JobScheduler.Harness.csproj" />
  </Folder>
</Solution>
